
Microsoft Visual Studio Solution File, Format Version 12.00
# Visual Studio Version 17
VisualStudioVersion = 17.14.36811.4 d17.14
MinimumVisualStudioVersion = 10.0.40219.1
Project("{FAE04EC0-301F-11D3-BF4B-00C04F79EFBC}") = "Azure-App-Timm", "Azure-App-Timm.csproj", "{321C1756-E022-4E47-A926-AD137122CADC}"
EndProject
Global
	GlobalSection(SolutionConfigurationPlatforms) = preSolution
		Debug|Any CPU = Debug|Any CPU
		Release|Any CPU = Release|Any CPU
	EndGlobalSection
	GlobalSection(ProjectConfigurationPlatforms) = postSolution
		{321C1756-E022-4E47-A926-AD137122CADC}.Debug|Any CPU.ActiveCfg = Debug|Any CPU
		{321C1756-E022-4E47-A926-AD137122CADC}.Debug|Any CPU.Build.0 = Debug|Any CPU
		{321C1756-E022-4E47-A926-AD137122CADC}.Release|Any CPU.ActiveCfg = Release|Any CPU
		{321C1756-E022-4E47-A926-AD137122CADC}.Release|Any CPU.Build.0 = Release|Any CPU
	EndGlobalSection
	GlobalSection(SolutionProperties) = preSolution
		HideSolutionNode = FALSE
	EndGlobalSection
	GlobalSection(ExtensibilityGlobals) = postSolution
		SolutionGuid = {2713D087-DBAE-40B4-B638-23F5C37B5891}
	EndGlobalSection
EndGlobal
